// !$*UTF8*$!
{
	archiveVersion = 1;
	classes = {
	};
	objectVersion = 56;
	objects = {

/* Begin PBXBuildFile section */
		06389BAE29BBDF4400F0216A /* AppDelegate.swift in Sources */ = {isa = PBXBuildFile; fileRef = 06389BAD29BBDF4400F0216A /* AppDelegate.swift */; };
		06389BB029BBDF4400F0216A /* SceneDelegate.swift in Sources */ = {isa = PBXBuildFile; fileRef = 06389BAF29BBDF4400F0216A /* SceneDelegate.swift */; };
		06389BB229BBDF4400F0216A /* ViewController.swift in Sources */ = {isa = PBXBuildFile; fileRef = 06389BB129BBDF4400F0216A /* ViewController.swift */; };
		06389BB529BBDF4400F0216A /* Main.storyboard in Resources */ = {isa = PBXBuildFile; fileRef = 06389BB329BBDF4400F0216A /* Main.storyboard */; };
		06389BB829BBDF4400F0216A /* WeatherApp.xcdatamodeld in Sources */ = {isa = PBXBuildFile; fileRef = 06389BB629BBDF4400F0216A /* WeatherApp.xcdatamodeld */; };
		06389BBA29BBDF4400F0216A /* Assets.xcassets in Resources */ = {isa = PBXBuildFile; fileRef = 06389BB929BBDF4400F0216A /* Assets.xcassets */; };
		06389BBD29BBDF4400F0216A /* LaunchScreen.storyboard in Resources */ = {isa = PBXBuildFile; fileRef = 06389BBB29BBDF4400F0216A /* LaunchScreen.storyboard */; };
		06389BC829BBDF4400F0216A /* WeatherAppTests.swift in Sources */ = {isa = PBXBuildFile; fileRef = 06389BC729BBDF4400F0216A /* WeatherAppTests.swift */; };
		06389BEF29BBF17100F0216A /* UIView+Borders.swift in Sources */ = {isa = PBXBuildFile; fileRef = 06389BEE29BBF17100F0216A /* UIView+Borders.swift */; };
		06389BF129BBF18100F0216A /* UIView+Identifier.swift in Sources */ = {isa = PBXBuildFile; fileRef = 06389BF029BBF18100F0216A /* UIView+Identifier.swift */; };
		06389BF329BBF6C600F0216A /* Config.swift in Sources */ = {isa = PBXBuildFile; fileRef = 06389BF229BBF6C600F0216A /* Config.swift */; };
		06389BF529BBF70300F0216A /* State.swift in Sources */ = {isa = PBXBuildFile; fileRef = 06389BF429BBF70300F0216A /* State.swift */; };
		06389BF729BBF71400F0216A /* NetworkError.swift in Sources */ = {isa = PBXBuildFile; fileRef = 06389BF629BBF71400F0216A /* NetworkError.swift */; };
		06389BF929BBF73300F0216A /* NetworkService.swift in Sources */ = {isa = PBXBuildFile; fileRef = 06389BF829BBF73300F0216A /* NetworkService.swift */; };
		06389BFB29BBF74600F0216A /* NetworkRouter.swift in Sources */ = {isa = PBXBuildFile; fileRef = 06389BFA29BBF74600F0216A /* NetworkRouter.swift */; };
		0CD506FA96C7467620CE41A3 /* Pods_WeatherApp.framework in Frameworks */ = {isa = PBXBuildFile; fileRef = BBB45F9A09D96F2F4B18EF8C /* Pods_WeatherApp.framework */; };
		8EE098B8F9123E81EF4EAC17 /* Pods_WeatherAppTests.framework in Frameworks */ = {isa = PBXBuildFile; fileRef = 4620AFFD15A1B72A1AC0C58E /* Pods_WeatherAppTests.framework */; };
/* End PBXBuildFile section */

/* Begin PBXContainerItemProxy section */
		06389BC429BBDF4400F0216A /* PBXContainerItemProxy */ = {
			isa = PBXContainerItemProxy;
			containerPortal = 06389BA229BBDF4300F0216A /* Project object */;
			proxyType = 1;
			remoteGlobalIDString = 06389BA929BBDF4300F0216A;
			remoteInfo = WeatherApp;
		};
/* End PBXContainerItemProxy section */

/* Begin PBXFileReference section */
		06389BAA29BBDF4400F0216A /* WeatherApp.app */ = {isa = PBXFileReference; explicitFileType = wrapper.application; includeInIndex = 0; path = WeatherApp.app; sourceTree = BUILT_PRODUCTS_DIR; };
		06389BAD29BBDF4400F0216A /* AppDelegate.swift */ = {isa = PBXFileReference; lastKnownFileType = sourcecode.swift; path = AppDelegate.swift; sourceTree = "<group>"; };
		06389BAF29BBDF4400F0216A /* SceneDelegate.swift */ = {isa = PBXFileReference; lastKnownFileType = sourcecode.swift; path = SceneDelegate.swift; sourceTree = "<group>"; };
		06389BB129BBDF4400F0216A /* ViewController.swift */ = {isa = PBXFileReference; lastKnownFileType = sourcecode.swift; path = ViewController.swift; sourceTree = "<group>"; };
		06389BB429BBDF4400F0216A /* Base */ = {isa = PBXFileReference; lastKnownFileType = file.storyboard; name = Base; path = Base.lproj/Main.storyboard; sourceTree = "<group>"; };
		06389BB729BBDF4400F0216A /* WeatherApp.xcdatamodel */ = {isa = PBXFileReference; lastKnownFileType = wrapper.xcdatamodel; path = WeatherApp.xcdatamodel; sourceTree = "<group>"; };
		06389BB929BBDF4400F0216A /* Assets.xcassets */ = {isa = PBXFileReference; lastKnownFileType = folder.assetcatalog; path = Assets.xcassets; sourceTree = "<group>"; };
		06389BBC29BBDF4400F0216A /* Base */ = {isa = PBXFileReference; lastKnownFileType = file.storyboard; name = Base; path = Base.lproj/LaunchScreen.storyboard; sourceTree = "<group>"; };
		06389BBE29BBDF4400F0216A /* Info.plist */ = {isa = PBXFileReference; lastKnownFileType = text.plist.xml; path = Info.plist; sourceTree = "<group>"; };
		06389BC329BBDF4400F0216A /* WeatherAppTests.xctest */ = {isa = PBXFileReference; explicitFileType = wrapper.cfbundle; includeInIndex = 0; path = WeatherAppTests.xctest; sourceTree = BUILT_PRODUCTS_DIR; };
		06389BC729BBDF4400F0216A /* WeatherAppTests.swift */ = {isa = PBXFileReference; lastKnownFileType = sourcecode.swift; path = WeatherAppTests.swift; sourceTree = "<group>"; };
		06389BEE29BBF17100F0216A /* UIView+Borders.swift */ = {isa = PBXFileReference; lastKnownFileType = sourcecode.swift; path = "UIView+Borders.swift"; sourceTree = "<group>"; };
		06389BF029BBF18100F0216A /* UIView+Identifier.swift */ = {isa = PBXFileReference; lastKnownFileType = sourcecode.swift; path = "UIView+Identifier.swift"; sourceTree = "<group>"; };
		06389BF229BBF6C600F0216A /* Config.swift */ = {isa = PBXFileReference; lastKnownFileType = sourcecode.swift; path = Config.swift; sourceTree = "<group>"; };
		06389BF429BBF70300F0216A /* State.swift */ = {isa = PBXFileReference; lastKnownFileType = sourcecode.swift; path = State.swift; sourceTree = "<group>"; };
		06389BF629BBF71400F0216A /* NetworkError.swift */ = {isa = PBXFileReference; lastKnownFileType = sourcecode.swift; path = NetworkError.swift; sourceTree = "<group>"; };
		06389BF829BBF73300F0216A /* NetworkService.swift */ = {isa = PBXFileReference; lastKnownFileType = sourcecode.swift; path = NetworkService.swift; sourceTree = "<group>"; };
		06389BFA29BBF74600F0216A /* NetworkRouter.swift */ = {isa = PBXFileReference; lastKnownFileType = sourcecode.swift; path = NetworkRouter.swift; sourceTree = "<group>"; };
		13FD0B6D3613B475C7DCFCB1 /* Pods-WeatherApp.release.xcconfig */ = {isa = PBXFileReference; includeInIndex = 1; lastKnownFileType = text.xcconfig; name = "Pods-WeatherApp.release.xcconfig"; path = "Target Support Files/Pods-WeatherApp/Pods-WeatherApp.release.xcconfig"; sourceTree = "<group>"; };
		2A6F31F745752A058130F194 /* Pods-WeatherAppTests.debug.xcconfig */ = {isa = PBXFileReference; includeInIndex = 1; lastKnownFileType = text.xcconfig; name = "Pods-WeatherAppTests.debug.xcconfig"; path = "Target Support Files/Pods-WeatherAppTests/Pods-WeatherAppTests.debug.xcconfig"; sourceTree = "<group>"; };
		4620AFFD15A1B72A1AC0C58E /* Pods_WeatherAppTests.framework */ = {isa = PBXFileReference; explicitFileType = wrapper.framework; includeInIndex = 0; path = Pods_WeatherAppTests.framework; sourceTree = BUILT_PRODUCTS_DIR; };
		BBB45F9A09D96F2F4B18EF8C /* Pods_WeatherApp.framework */ = {isa = PBXFileReference; explicitFileType = wrapper.framework; includeInIndex = 0; path = Pods_WeatherApp.framework; sourceTree = BUILT_PRODUCTS_DIR; };
		DD61F5CE5CF5C23A2684F1BA /* Pods-WeatherAppTests.release.xcconfig */ = {isa = PBXFileReference; includeInIndex = 1; lastKnownFileType = text.xcconfig; name = "Pods-WeatherAppTests.release.xcconfig"; path = "Target Support Files/Pods-WeatherAppTests/Pods-WeatherAppTests.release.xcconfig"; sourceTree = "<group>"; };
		FCB3F88521FB6DB880A9FA05 /* Pods-WeatherApp.debug.xcconfig */ = {isa = PBXFileReference; includeInIndex = 1; lastKnownFileType = text.xcconfig; name = "Pods-WeatherApp.debug.xcconfig"; path = "Target Support Files/Pods-WeatherApp/Pods-WeatherApp.debug.xcconfig"; sourceTree = "<group>"; };
/* End PBXFileReference section */

/* Begin PBXFrameworksBuildPhase section */
		06389BA729BBDF4300F0216A /* Frameworks */ = {
			isa = PBXFrameworksBuildPhase;
			buildActionMask = 2147483647;
			files = (
				0CD506FA96C7467620CE41A3 /* Pods_WeatherApp.framework in Frameworks */,
			);
			runOnlyForDeploymentPostprocessing = 0;
		};
		06389BC029BBDF4400F0216A /* Frameworks */ = {
			isa = PBXFrameworksBuildPhase;
			buildActionMask = 2147483647;
			files = (
				8EE098B8F9123E81EF4EAC17 /* Pods_WeatherAppTests.framework in Frameworks */,
			);
			runOnlyForDeploymentPostprocessing = 0;
		};
/* End PBXFrameworksBuildPhase section */

/* Begin PBXGroup section */
		06389BA129BBDF4300F0216A = {
			isa = PBXGroup;
			children = (
				06389BAC29BBDF4400F0216A /* WeatherApp */,
				06389BC629BBDF4400F0216A /* WeatherAppTests */,
				06389BAB29BBDF4400F0216A /* Products */,
				BFD6A45D8B98AC5658988060 /* Pods */,
				1152A9A010CA89942988665C /* Frameworks */,
			);
			sourceTree = "<group>";
		};
		06389BAB29BBDF4400F0216A /* Products */ = {
			isa = PBXGroup;
			children = (
				06389BAA29BBDF4400F0216A /* WeatherApp.app */,
				06389BC329BBDF4400F0216A /* WeatherAppTests.xctest */,
			);
			name = Products;
			sourceTree = "<group>";
		};
		06389BAC29BBDF4400F0216A /* WeatherApp */ = {
			isa = PBXGroup;
			children = (
				06389BE029BBE13E00F0216A /* App */,
				06389BE129BBE1C900F0216A /* Coordinator */,
				06389BE229BBE1DB00F0216A /* Extensions */,
				06389BE329BBE28900F0216A /* Network */,
				06389BE429BBE29A00F0216A /* Model */,
				06389BE529BBE2A000F0216A /* Scenes */,
				06389BE629BBE2A700F0216A /* Assets */,
				06389BBB29BBDF4400F0216A /* LaunchScreen.storyboard */,
				06389BBE29BBDF4400F0216A /* Info.plist */,
				06389BB629BBDF4400F0216A /* WeatherApp.xcdatamodeld */,
			);
			path = WeatherApp;
			sourceTree = "<group>";
		};
		06389BC629BBDF4400F0216A /* WeatherAppTests */ = {
			isa = PBXGroup;
			children = (
				06389BC729BBDF4400F0216A /* WeatherAppTests.swift */,
			);
			path = WeatherAppTests;
			sourceTree = "<group>";
		};
		06389BE029BBE13E00F0216A /* App */ = {
			isa = PBXGroup;
			children = (
				06389BAD29BBDF4400F0216A /* AppDelegate.swift */,
				06389BAF29BBDF4400F0216A /* SceneDelegate.swift */,
			);
			path = App;
			sourceTree = "<group>";
		};
		06389BE129BBE1C900F0216A /* Coordinator */ = {
			isa = PBXGroup;
			children = (
			);
			path = Coordinator;
			sourceTree = "<group>";
		};
		06389BE229BBE1DB00F0216A /* Extensions */ = {
			isa = PBXGroup;
			children = (
				06389BEE29BBF17100F0216A /* UIView+Borders.swift */,
				06389BF029BBF18100F0216A /* UIView+Identifier.swift */,
			);
			path = Extensions;
			sourceTree = "<group>";
		};
		06389BE329BBE28900F0216A /* Network */ = {
			isa = PBXGroup;
			children = (
				06389BF229BBF6C600F0216A /* Config.swift */,
				06389BF429BBF70300F0216A /* State.swift */,
				06389BF629BBF71400F0216A /* NetworkError.swift */,
				06389BF829BBF73300F0216A /* NetworkService.swift */,
				06389BFA29BBF74600F0216A /* NetworkRouter.swift */,
			);
			path = Network;
			sourceTree = "<group>";
		};
		06389BE429BBE29A00F0216A /* Model */ = {
			isa = PBXGroup;
			children = (
			);
			path = Model;
			sourceTree = "<group>";
		};
		06389BE529BBE2A000F0216A /* Scenes */ = {
			isa = PBXGroup;
			children = (
				06389BE729BBE2F400F0216A /* Service */,
				06389BE829BBE2FB00F0216A /* View */,
				06389BE929BBE30000F0216A /* ViewModel */,
			);
			path = Scenes;
			sourceTree = "<group>";
		};
		06389BE629BBE2A700F0216A /* Assets */ = {
			isa = PBXGroup;
			children = (
				06389BB929BBDF4400F0216A /* Assets.xcassets */,
			);
			path = Assets;
			sourceTree = "<group>";
		};
		06389BE729BBE2F400F0216A /* Service */ = {
			isa = PBXGroup;
			children = (
			);
			path = Service;
			sourceTree = "<group>";
		};
		06389BE829BBE2FB00F0216A /* View */ = {
			isa = PBXGroup;
			children = (
				06389BEA29BBE36800F0216A /* XIBS */,
				06389BB129BBDF4400F0216A /* ViewController.swift */,
				06389BB329BBDF4400F0216A /* Main.storyboard */,
			);
			path = View;
			sourceTree = "<group>";
		};
		06389BE929BBE30000F0216A /* ViewModel */ = {
			isa = PBXGroup;
			children = (
			);
			path = ViewModel;
			sourceTree = "<group>";
		};
		06389BEA29BBE36800F0216A /* XIBS */ = {
			isa = PBXGroup;
			children = (
			);
			path = XIBS;
			sourceTree = "<group>";
		};
		1152A9A010CA89942988665C /* Frameworks */ = {
			isa = PBXGroup;
			children = (
				BBB45F9A09D96F2F4B18EF8C /* Pods_WeatherApp.framework */,
				4620AFFD15A1B72A1AC0C58E /* Pods_WeatherAppTests.framework */,
			);
			name = Frameworks;
			sourceTree = "<group>";
		};
		BFD6A45D8B98AC5658988060 /* Pods */ = {
			isa = PBXGroup;
			children = (
				FCB3F88521FB6DB880A9FA05 /* Pods-WeatherApp.debug.xcconfig */,
				13FD0B6D3613B475C7DCFCB1 /* Pods-WeatherApp.release.xcconfig */,
				2A6F31F745752A058130F194 /* Pods-WeatherAppTests.debug.xcconfig */,
				DD61F5CE5CF5C23A2684F1BA /* Pods-WeatherAppTests.release.xcconfig */,
			);
			path = Pods;
			sourceTree = "<group>";
		};
/* End PBXGroup section */

/* Begin PBXNativeTarget section */
		06389BA929BBDF4300F0216A /* WeatherApp */ = {
			isa = PBXNativeTarget;
			buildConfigurationList = 06389BD729BBDF4400F0216A /* Build configuration list for PBXNativeTarget "WeatherApp" */;
			buildPhases = (
				195F9313D683B64BD31947B0 /* [CP] Check Pods Manifest.lock */,
				06389BA629BBDF4300F0216A /* Sources */,
				06389BA729BBDF4300F0216A /* Frameworks */,
				06389BA829BBDF4300F0216A /* Resources */,
				E8A4FACFD1850D110C005042 /* [CP] Embed Pods Frameworks */,
			);
			buildRules = (
			);
			dependencies = (
			);
			name = WeatherApp;
			productName = WeatherApp;
			productReference = 06389BAA29BBDF4400F0216A /* WeatherApp.app */;
			productType = "com.apple.product-type.application";
		};
		06389BC229BBDF4400F0216A /* WeatherAppTests */ = {
			isa = PBXNativeTarget;
			buildConfigurationList = 06389BDA29BBDF4400F0216A /* Build configuration list for PBXNativeTarget "WeatherAppTests" */;
			buildPhases = (
				F0F616C5B0F040AF0D883303 /* [CP] Check Pods Manifest.lock */,
				06389BBF29BBDF4400F0216A /* Sources */,
				06389BC029BBDF4400F0216A /* Frameworks */,
				06389BC129BBDF4400F0216A /* Resources */,
			);
			buildRules = (
			);
			dependencies = (
				06389BC529BBDF4400F0216A /* PBXTargetDependency */,
			);
			name = WeatherAppTests;
			productName = WeatherAppTests;
			productReference = 06389BC329BBDF4400F0216A /* WeatherAppTests.xctest */;
			productType = "com.apple.product-type.bundle.unit-test";
		};
/* End PBXNativeTarget section */

/* Begin PBXProject section */
		06389BA229BBDF4300F0216A /* Project object */ = {
			isa = PBXProject;
			attributes = {
				BuildIndependentTargetsInParallel = 1;
				LastSwiftUpdateCheck = 1410;
				LastUpgradeCheck = 1410;
				TargetAttributes = {
					06389BA929BBDF4300F0216A = {
						CreatedOnToolsVersion = 14.1;
					};
					06389BC229BBDF4400F0216A = {
						CreatedOnToolsVersion = 14.1;
						TestTargetID = 06389BA929BBDF4300F0216A;
					};
				};
			};
			buildConfigurationList = 06389BA529BBDF4300F0216A /* Build configuration list for PBXProject "WeatherApp" */;
			compatibilityVersion = "Xcode 14.0";
			developmentRegion = en;
			hasScannedForEncodings = 0;
			knownRegions = (
				en,
				Base,
			);
			mainGroup = 06389BA129BBDF4300F0216A;
			productRefGroup = 06389BAB29BBDF4400F0216A /* Products */;
			projectDirPath = "";
			projectRoot = "";
			targets = (
				06389BA929BBDF4300F0216A /* WeatherApp */,
				06389BC229BBDF4400F0216A /* WeatherAppTests */,
			);
		};
/* End PBXProject section */

/* Begin PBXResourcesBuildPhase section */
		06389BA829BBDF4300F0216A /* Resources */ = {
			isa = PBXResourcesBuildPhase;
			buildActionMask = 2147483647;
			files = (
				06389BBD29BBDF4400F0216A /* LaunchScreen.storyboard in Resources */,
				06389BBA29BBDF4400F0216A /* Assets.xcassets in Resources */,
				06389BB529BBDF4400F0216A /* Main.storyboard in Resources */,
			);
			runOnlyForDeploymentPostprocessing = 0;
		};
		06389BC129BBDF4400F0216A /* Resources */ = {
			isa = PBXResourcesBuildPhase;
			buildActionMask = 2147483647;
			files = (
			);
			runOnlyForDeploymentPostprocessing = 0;
		};
/* End PBXResourcesBuildPhase section */

/* Begin PBXShellScriptBuildPhase section */
		195F9313D683B64BD31947B0 /* [CP] Check Pods Manifest.lock */ = {
			isa = PBXShellScriptBuildPhase;
			buildActionMask = 2147483647;
			files = (
			);
			inputFileListPaths = (
			);
			inputPaths = (
				"${PODS_PODFILE_DIR_PATH}/Podfile.lock",
				"${PODS_ROOT}/Manifest.lock",
			);
			name = "[CP] Check Pods Manifest.lock";
			outputFileListPaths = (
			);
			outputPaths = (
				"$(DERIVED_FILE_DIR)/Pods-WeatherApp-checkManifestLockResult.txt",
			);
			runOnlyForDeploymentPostprocessing = 0;
			shellPath = /bin/sh;
			shellScript = "diff \"${PODS_PODFILE_DIR_PATH}/Podfile.lock\" \"${PODS_ROOT}/Manifest.lock\" > /dev/null\nif [ $? != 0 ] ; then\n    # print error to STDERR\n    echo \"error: The sandbox is not in sync with the Podfile.lock. Run 'pod install' or update your CocoaPods installation.\" >&2\n    exit 1\nfi\n# This output is used by Xcode 'outputs' to avoid re-running this script phase.\necho \"SUCCESS\" > \"${SCRIPT_OUTPUT_FILE_0}\"\n";
			showEnvVarsInLog = 0;
		};
		E8A4FACFD1850D110C005042 /* [CP] Embed Pods Frameworks */ = {
			isa = PBXShellScriptBuildPhase;
			buildActionMask = 2147483647;
			files = (
			);
			inputFileListPaths = (
				"${PODS_ROOT}/Target Support Files/Pods-WeatherApp/Pods-WeatherApp-frameworks-${CONFIGURATION}-input-files.xcfilelist",
			);
			name = "[CP] Embed Pods Frameworks";
			outputFileListPaths = (
				"${PODS_ROOT}/Target Support Files/Pods-WeatherApp/Pods-WeatherApp-frameworks-${CONFIGURATION}-output-files.xcfilelist",
			);
			runOnlyForDeploymentPostprocessing = 0;
			shellPath = /bin/sh;
			shellScript = "\"${PODS_ROOT}/Target Support Files/Pods-WeatherApp/Pods-WeatherApp-frameworks.sh\"\n";
			showEnvVarsInLog = 0;
		};
		F0F616C5B0F040AF0D883303 /* [CP] Check Pods Manifest.lock */ = {
			isa = PBXShellScriptBuildPhase;
			buildActionMask = 2147483647;
			files = (
			);
			inputFileListPaths = (
			);
			inputPaths = (
				"${PODS_PODFILE_DIR_PATH}/Podfile.lock",
				"${PODS_ROOT}/Manifest.lock",
			);
			name = "[CP] Check Pods Manifest.lock";
			outputFileListPaths = (
			);
			outputPaths = (
				"$(DERIVED_FILE_DIR)/Pods-WeatherAppTests-checkManifestLockResult.txt",
			);
			runOnlyForDeploymentPostprocessing = 0;
			shellPath = /bin/sh;
			shellScript = "diff \"${PODS_PODFILE_DIR_PATH}/Podfile.lock\" \"${PODS_ROOT}/Manifest.lock\" > /dev/null\nif [ $? != 0 ] ; then\n    # print error to STDERR\n    echo \"error: The sandbox is not in sync with the Podfile.lock. Run 'pod install' or update your CocoaPods installation.\" >&2\n    exit 1\nfi\n# This output is used by Xcode 'outputs' to avoid re-running this script phase.\necho \"SUCCESS\" > \"${SCRIPT_OUTPUT_FILE_0}\"\n";
			showEnvVarsInLog = 0;
		};
/* End PBXShellScriptBuildPhase section */

/* Begin PBXSourcesBuildPhase section */
		06389BA629BBDF4300F0216A /* Sources */ = {
			isa = PBXSourcesBuildPhase;
			buildActionMask = 2147483647;
			files = (
				06389BF929BBF73300F0216A /* NetworkService.swift in Sources */,
				06389BFB29BBF74600F0216A /* NetworkRouter.swift in Sources */,
				06389BB829BBDF4400F0216A /* WeatherApp.xcdatamodeld in Sources */,
				06389BB229BBDF4400F0216A /* ViewController.swift in Sources */,
				06389BAE29BBDF4400F0216A /* AppDelegate.swift in Sources */,
				06389BF329BBF6C600F0216A /* Config.swift in Sources */,
				06389BB029BBDF4400F0216A /* SceneDelegate.swift in Sources */,
				06389BEF29BBF17100F0216A /* UIView+Borders.swift in Sources */,
				06389BF729BBF71400F0216A /* NetworkError.swift in Sources */,
				06389BF129BBF18100F0216A /* UIView+Identifier.swift in Sources */,
				06389BF529BBF70300F0216A /* State.swift in Sources */,
			);
			runOnlyForDeploymentPostprocessing = 0;
		};
		06389BBF29BBDF4400F0216A /* Sources */ = {
			isa = PBXSourcesBuildPhase;
			buildActionMask = 2147483647;
			files = (
				06389BC829BBDF4400F0216A /* WeatherAppTests.swift in Sources */,
			);
			runOnlyForDeploymentPostprocessing = 0;
		};
/* End PBXSourcesBuildPhase section */

/* Begin PBXTargetDependency section */
		06389BC529BBDF4400F0216A /* PBXTargetDependency */ = {
			isa = PBXTargetDependency;
			target = 06389BA929BBDF4300F0216A /* WeatherApp */;
			targetProxy = 06389BC429BBDF4400F0216A /* PBXContainerItemProxy */;
		};
/* End PBXTargetDependency section */

/* Begin PBXVariantGroup section */
		06389BB329BBDF4400F0216A /* Main.storyboard */ = {
			isa = PBXVariantGroup;
			children = (
				06389BB429BBDF4400F0216A /* Base */,
			);
			name = Main.storyboard;
			sourceTree = "<group>";
		};
		06389BBB29BBDF4400F0216A /* LaunchScreen.storyboard */ = {
			isa = PBXVariantGroup;
			children = (
				06389BBC29BBDF4400F0216A /* Base */,
			);
			name = LaunchScreen.storyboard;
			sourceTree = "<group>";
		};
/* End PBXVariantGroup section */

/* Begin XCBuildConfiguration section */
		06389BD529BBDF4400F0216A /* Debug */ = {
			isa = XCBuildConfiguration;
			buildSettings = {
				ALWAYS_SEARCH_USER_PATHS = NO;
				CLANG_ANALYZER_NONNULL = YES;
				CLANG_ANALYZER_NUMBER_OBJECT_CONVERSION = YES_AGGRESSIVE;
				CLANG_CXX_LANGUAGE_STANDARD = "gnu++20";
				CLANG_ENABLE_MODULES = YES;
				CLANG_ENABLE_OBJC_ARC = YES;
				CLANG_ENABLE_OBJC_WEAK = YES;
				CLANG_WARN_BLOCK_CAPTURE_AUTORELEASING = YES;
				CLANG_WARN_BOOL_CONVERSION = YES;
				CLANG_WARN_COMMA = YES;
				CLANG_WARN_CONSTANT_CONVERSION = YES;
				CLANG_WARN_DEPRECATED_OBJC_IMPLEMENTATIONS = YES;
				CLANG_WARN_DIRECT_OBJC_ISA_USAGE = YES_ERROR;
				CLANG_WARN_DOCUMENTATION_COMMENTS = YES;
				CLANG_WARN_EMPTY_BODY = YES;
				CLANG_WARN_ENUM_CONVERSION = YES;
				CLANG_WARN_INFINITE_RECURSION = YES;
				CLANG_WARN_INT_CONVERSION = YES;
				CLANG_WARN_NON_LITERAL_NULL_CONVERSION = YES;
				CLANG_WARN_OBJC_IMPLICIT_RETAIN_SELF = YES;
				CLANG_WARN_OBJC_LITERAL_CONVERSION = YES;
				CLANG_WARN_OBJC_ROOT_CLASS = YES_ERROR;
				CLANG_WARN_QUOTED_INCLUDE_IN_FRAMEWORK_HEADER = YES;
				CLANG_WARN_RANGE_LOOP_ANALYSIS = YES;
				CLANG_WARN_STRICT_PROTOTYPES = YES;
				CLANG_WARN_SUSPICIOUS_MOVE = YES;
				CLANG_WARN_UNGUARDED_AVAILABILITY = YES_AGGRESSIVE;
				CLANG_WARN_UNREACHABLE_CODE = YES;
				CLANG_WARN__DUPLICATE_METHOD_MATCH = YES;
				COPY_PHASE_STRIP = NO;
				DEBUG_INFORMATION_FORMAT = dwarf;
				ENABLE_STRICT_OBJC_MSGSEND = YES;
				ENABLE_TESTABILITY = YES;
				GCC_C_LANGUAGE_STANDARD = gnu11;
				GCC_DYNAMIC_NO_PIC = NO;
				GCC_NO_COMMON_BLOCKS = YES;
				GCC_OPTIMIZATION_LEVEL = 0;
				GCC_PREPROCESSOR_DEFINITIONS = (
					"DEBUG=1",
					"$(inherited)",
				);
				GCC_WARN_64_TO_32_BIT_CONVERSION = YES;
				GCC_WARN_ABOUT_RETURN_TYPE = YES_ERROR;
				GCC_WARN_UNDECLARED_SELECTOR = YES;
				GCC_WARN_UNINITIALIZED_AUTOS = YES_AGGRESSIVE;
				GCC_WARN_UNUSED_FUNCTION = YES;
				GCC_WARN_UNUSED_VARIABLE = YES;
				IPHONEOS_DEPLOYMENT_TARGET = 13.1;
				MTL_ENABLE_DEBUG_INFO = INCLUDE_SOURCE;
				MTL_FAST_MATH = YES;
				ONLY_ACTIVE_ARCH = YES;
				SDKROOT = iphoneos;
				SWIFT_ACTIVE_COMPILATION_CONDITIONS = DEBUG;
				SWIFT_OPTIMIZATION_LEVEL = "-Onone";
			};
			name = Debug;
		};
		06389BD629BBDF4400F0216A /* Release */ = {
			isa = XCBuildConfiguration;
			buildSettings = {
				ALWAYS_SEARCH_USER_PATHS = NO;
				CLANG_ANALYZER_NONNULL = YES;
				CLANG_ANALYZER_NUMBER_OBJECT_CONVERSION = YES_AGGRESSIVE;
				CLANG_CXX_LANGUAGE_STANDARD = "gnu++20";
				CLANG_ENABLE_MODULES = YES;
				CLANG_ENABLE_OBJC_ARC = YES;
				CLANG_ENABLE_OBJC_WEAK = YES;
				CLANG_WARN_BLOCK_CAPTURE_AUTORELEASING = YES;
				CLANG_WARN_BOOL_CONVERSION = YES;
				CLANG_WARN_COMMA = YES;
				CLANG_WARN_CONSTANT_CONVERSION = YES;
				CLANG_WARN_DEPRECATED_OBJC_IMPLEMENTATIONS = YES;
				CLANG_WARN_DIRECT_OBJC_ISA_USAGE = YES_ERROR;
				CLANG_WARN_DOCUMENTATION_COMMENTS = YES;
				CLANG_WARN_EMPTY_BODY = YES;
				CLANG_WARN_ENUM_CONVERSION = YES;
				CLANG_WARN_INFINITE_RECURSION = YES;
				CLANG_WARN_INT_CONVERSION = YES;
				CLANG_WARN_NON_LITERAL_NULL_CONVERSION = YES;
				CLANG_WARN_OBJC_IMPLICIT_RETAIN_SELF = YES;
				CLANG_WARN_OBJC_LITERAL_CONVERSION = YES;
				CLANG_WARN_OBJC_ROOT_CLASS = YES_ERROR;
				CLANG_WARN_QUOTED_INCLUDE_IN_FRAMEWORK_HEADER = YES;
				CLANG_WARN_RANGE_LOOP_ANALYSIS = YES;
				CLANG_WARN_STRICT_PROTOTYPES = YES;
				CLANG_WARN_SUSPICIOUS_MOVE = YES;
				CLANG_WARN_UNGUARDED_AVAILABILITY = YES_AGGRESSIVE;
				CLANG_WARN_UNREACHABLE_CODE = YES;
				CLANG_WARN__DUPLICATE_METHOD_MATCH = YES;
				COPY_PHASE_STRIP = NO;
				DEBUG_INFORMATION_FORMAT = "dwarf-with-dsym";
				ENABLE_NS_ASSERTIONS = NO;
				ENABLE_STRICT_OBJC_MSGSEND = YES;
				GCC_C_LANGUAGE_STANDARD = gnu11;
				GCC_NO_COMMON_BLOCKS = YES;
				GCC_WARN_64_TO_32_BIT_CONVERSION = YES;
				GCC_WARN_ABOUT_RETURN_TYPE = YES_ERROR;
				GCC_WARN_UNDECLARED_SELECTOR = YES;
				GCC_WARN_UNINITIALIZED_AUTOS = YES_AGGRESSIVE;
				GCC_WARN_UNUSED_FUNCTION = YES;
				GCC_WARN_UNUSED_VARIABLE = YES;
				IPHONEOS_DEPLOYMENT_TARGET = 13.1;
				MTL_ENABLE_DEBUG_INFO = NO;
				MTL_FAST_MATH = YES;
				SDKROOT = iphoneos;
				SWIFT_COMPILATION_MODE = wholemodule;
				SWIFT_OPTIMIZATION_LEVEL = "-O";
				VALIDATE_PRODUCT = YES;
			};
			name = Release;
		};
		06389BD829BBDF4400F0216A /* Debug */ = {
			isa = XCBuildConfiguration;
			baseConfigurationReference = FCB3F88521FB6DB880A9FA05 /* Pods-WeatherApp.debug.xcconfig */;
			buildSettings = {
				ASSETCATALOG_COMPILER_APPICON_NAME = AppIcon;
				ASSETCATALOG_COMPILER_GLOBAL_ACCENT_COLOR_NAME = AccentColor;
				CODE_SIGN_STYLE = Automatic;
				CURRENT_PROJECT_VERSION = 1;
				DEVELOPMENT_TEAM = FXJ7GS8B9P;
				GENERATE_INFOPLIST_FILE = YES;
				INFOPLIST_FILE = WeatherApp/Info.plist;
				INFOPLIST_KEY_UIApplicationSupportsIndirectInputEvents = YES;
				INFOPLIST_KEY_UILaunchStoryboardName = LaunchScreen;
				INFOPLIST_KEY_UIMainStoryboardFile = Main;
				INFOPLIST_KEY_UISupportedInterfaceOrientations = UIInterfaceOrientationPortrait;
				LD_RUNPATH_SEARCH_PATHS = (
					"$(inherited)",
					"@executable_path/Frameworks",
				);
				MARKETING_VERSION = 1.0;
				PRODUCT_BUNDLE_IDENTIFIER = com.PlanRadar.WeatherApp;
				PRODUCT_NAME = "$(TARGET_NAME)";
				SWIFT_EMIT_LOC_STRINGS = YES;
				SWIFT_VERSION = 5.0;
				TARGETED_DEVICE_FAMILY = "1,2";
			};
			name = Debug;
		};
		06389BD929BBDF4400F0216A /* Release */ = {
			isa = XCBuildConfiguration;
			baseConfigurationReference = 13FD0B6D3613B475C7DCFCB1 /* Pods-WeatherApp.release.xcconfig */;
			buildSettings = {
				ASSETCATALOG_COMPILER_APPICON_NAME = AppIcon;
				ASSETCATALOG_COMPILER_GLOBAL_ACCENT_COLOR_NAME = AccentColor;
				CODE_SIGN_STYLE = Automatic;
				CURRENT_PROJECT_VERSION = 1;
				DEVELOPMENT_TEAM = FXJ7GS8B9P;
				GENERATE_INFOPLIST_FILE = YES;
				INFOPLIST_FILE = WeatherApp/Info.plist;
				INFOPLIST_KEY_UIApplicationSupportsIndirectInputEvents = YES;
				INFOPLIST_KEY_UILaunchStoryboardName = LaunchScreen;
				INFOPLIST_KEY_UIMainStoryboardFile = Main;
				INFOPLIST_KEY_UISupportedInterfaceOrientations = UIInterfaceOrientationPortrait;
				LD_RUNPATH_SEARCH_PATHS = (
					"$(inherited)",
					"@executable_path/Frameworks",
				);
				MARKETING_VERSION = 1.0;
				PRODUCT_BUNDLE_IDENTIFIER = com.PlanRadar.WeatherApp;
				PRODUCT_NAME = "$(TARGET_NAME)";
				SWIFT_EMIT_LOC_STRINGS = YES;
				SWIFT_VERSION = 5.0;
				TARGETED_DEVICE_FAMILY = "1,2";
			};
			name = Release;
		};
		06389BDB29BBDF4400F0216A /* Debug */ = {
			isa = XCBuildConfiguration;
			baseConfigurationReference = 2A6F31F745752A058130F194 /* Pods-WeatherAppTests.debug.xcconfig */;
			buildSettings = {
				ALWAYS_EMBED_SWIFT_STANDARD_LIBRARIES = YES;
				BUNDLE_LOADER = "$(TEST_HOST)";
				CODE_SIGN_STYLE = Automatic;
				CURRENT_PROJECT_VERSION = 1;
				DEVELOPMENT_TEAM = FXJ7GS8B9P;
				GENERATE_INFOPLIST_FILE = YES;
				IPHONEOS_DEPLOYMENT_TARGET = 16.1;
				MARKETING_VERSION = 1.0;
				PRODUCT_BUNDLE_IDENTIFIER = com.PlanRadar.WeatherAppTests;
				PRODUCT_NAME = "$(TARGET_NAME)";
				SWIFT_EMIT_LOC_STRINGS = NO;
				SWIFT_VERSION = 5.0;
				TARGETED_DEVICE_FAMILY = "1,2";
				TEST_HOST = "$(BUILT_PRODUCTS_DIR)/WeatherApp.app/$(BUNDLE_EXECUTABLE_FOLDER_PATH)/WeatherApp";
			};
			name = Debug;
		};
		06389BDC29BBDF4400F0216A /* Release */ = {
			isa = XCBuildConfiguration;
			baseConfigurationReference = DD61F5CE5CF5C23A2684F1BA /* Pods-WeatherAppTests.release.xcconfig */;
			buildSettings = {
				ALWAYS_EMBED_SWIFT_STANDARD_LIBRARIES = YES;
				BUNDLE_LOADER = "$(TEST_HOST)";
				CODE_SIGN_STYLE = Automatic;
				CURRENT_PROJECT_VERSION = 1;
				DEVELOPMENT_TEAM = FXJ7GS8B9P;
				GENERATE_INFOPLIST_FILE = YES;
				IPHONEOS_DEPLOYMENT_TARGET = 16.1;
				MARKETING_VERSION = 1.0;
				PRODUCT_BUNDLE_IDENTIFIER = com.PlanRadar.WeatherAppTests;
				PRODUCT_NAME = "$(TARGET_NAME)";
				SWIFT_EMIT_LOC_STRINGS = NO;
				SWIFT_VERSION = 5.0;
				TARGETED_DEVICE_FAMILY = "1,2";
				TEST_HOST = "$(BUILT_PRODUCTS_DIR)/WeatherApp.app/$(BUNDLE_EXECUTABLE_FOLDER_PATH)/WeatherApp";
			};
			name = Release;
		};
/* End XCBuildConfiguration section */

/* Begin XCConfigurationList section */
		06389BA529BBDF4300F0216A /* Build configuration list for PBXProject "WeatherApp" */ = {
			isa = XCConfigurationList;
			buildConfigurations = (
				06389BD529BBDF4400F0216A /* Debug */,
				06389BD629BBDF4400F0216A /* Release */,
			);
			defaultConfigurationIsVisible = 0;
			defaultConfigurationName = Release;
		};
		06389BD729BBDF4400F0216A /* Build configuration list for PBXNativeTarget "WeatherApp" */ = {
			isa = XCConfigurationList;
			buildConfigurations = (
				06389BD829BBDF4400F0216A /* Debug */,
				06389BD929BBDF4400F0216A /* Release */,
			);
			defaultConfigurationIsVisible = 0;
			defaultConfigurationName = Release;
		};
		06389BDA29BBDF4400F0216A /* Build configuration list for PBXNativeTarget "WeatherAppTests" */ = {
			isa = XCConfigurationList;
			buildConfigurations = (
				06389BDB29BBDF4400F0216A /* Debug */,
				06389BDC29BBDF4400F0216A /* Release */,
			);
			defaultConfigurationIsVisible = 0;
			defaultConfigurationName = Release;
		};
/* End XCConfigurationList section */

/* Begin XCVersionGroup section */
		06389BB629BBDF4400F0216A /* WeatherApp.xcdatamodeld */ = {
			isa = XCVersionGroup;
			children = (
				06389BB729BBDF4400F0216A /* WeatherApp.xcdatamodel */,
			);
			currentVersion = 06389BB729BBDF4400F0216A /* WeatherApp.xcdatamodel */;
			path = WeatherApp.xcdatamodeld;
			sourceTree = "<group>";
			versionGroupType = wrapper.xcdatamodel;
		};
/* End XCVersionGroup section */
	};
	rootObject = 06389BA229BBDF4300F0216A /* Project object */;
}
